
Microsoft Visual Studio Solution File, Format Version 12.00
# Visual Studio Version 17
VisualStudioVersion = 17.5.33502.453
MinimumVisualStudioVersion = 10.0.40219.1
Project("{8BC9CEB8-8B4A-11D0-8D11-00A0C91BC942}") = "Circular Queues_104", "Circular Queues_104\Circular Queues_104.vcxproj", "{AE1F639D-2332-4466-BA1D-77D02A5F1837}"
EndProject
Global
	GlobalSection(SolutionConfigurationPlatforms) = preSolution
		Debug|x64 = Debug|x64
		Debug|x86 = Debug|x86
		Release|x64 = Release|x64
		Release|x86 = Release|x86
	EndGlobalSection
	GlobalSection(ProjectConfigurationPlatforms) = postSolution
		{AE1F639D-2332-4466-BA1D-77D02A5F1837}.Debug|x64.ActiveCfg = Debug|x64
		{AE1F639D-2332-4466-BA1D-77D02A5F1837}.Debug|x64.Build.0 = Debug|x64
		{AE1F639D-2332-4466-BA1D-77D02A5F1837}.Debug|x86.ActiveCfg = Debug|Win32
		{AE1F639D-2332-4466-BA1D-77D02A5F1837}.Debug|x86.Build.0 = Debug|Win32
		{AE1F639D-2332-4466-BA1D-77D02A5F1837}.Release|x64.ActiveCfg = Release|x64
		{AE1F639D-2332-4466-BA1D-77D02A5F1837}.Release|x64.Build.0 = Release|x64
		{AE1F639D-2332-4466-BA1D-77D02A5F1837}.Release|x86.ActiveCfg = Release|Win32
		{AE1F639D-2332-4466-BA1D-77D02A5F1837}.Release|x86.Build.0 = Release|Win32
	EndGlobalSection
	GlobalSection(SolutionProperties) = preSolution
		HideSolutionNode = FALSE
	EndGlobalSection
	GlobalSection(ExtensibilityGlobals) = postSolution
		SolutionGuid = {E1A77A1E-67D3-405D-8DEB-7C03E0D15DB6}
	EndGlobalSection
EndGlobal
